# THIS IS AN AUTOGENERATED FILE. DO NOT EDIT THIS FILE DIRECTLY.
# yarn lockfile v1


crypto-js@^4.0.0:
  version "4.0.0"
  resolved "https://registry.yarnpkg.com/crypto-js/-/crypto-js-4.0.0.tgz#2904ab2677a9d042856a2ea2ef80de92e4a36dcc"
  integrity sha512-bzHZN8Pn+gS7DQA6n+iUmBfl0hO5DJq++QP3U6uTucDtk/0iGpXd/Gg7CGR0p8tJhofJyaKoWBuJI4eAO00BBg==

secure-storage-web@0.1.0:
  version "0.1.0"
  resolved "https://registry.yarnpkg.com/secure-storage-web/-/secure-storage-web-0.1.0.tgz#18d57e8a9561b9e4ef8bb77a40159949524d8c7d"
  integrity sha512-nm1zaCuy5Gbq0WV89eEc8XmlX9ACVNZ6LK/XLwy6lI8bj5lLKEYcqCA3ZeUTfYao1Pgmx78GfVwA6NdirX+f5w==
  dependencies:
    crypto-js "^4.0.0"
